
Microsoft Visual Studio Solution File, Format Version 12.00
# Visual Studio 14
VisualStudioVersion = 14.0.23107.0
MinimumVisualStudioVersion = 10.0.40219.1
Project("{FAE04EC0-301F-11D3-BF4B-00C04F79EFBC}") = "FakerLibrary", "FakerLibrary\FakerLibrary.csproj", "{517534B4-28E6-4AE9-8FDD-BD6355AAA74C}"
EndProject
Project("{FAE04EC0-301F-11D3-BF4B-00C04F79EFBC}") = "ConsoleFaking", "ConsoleFaking\ConsoleFaking.csproj", "{FA47FF8D-FD44-4B21-A832-4A9001D96E78}"
EndProject
Project("{FAE04EC0-301F-11D3-BF4B-00C04F79EFBC}") = "UnitTest", "UnitTest\UnitTest.csproj", "{CC5056AE-C1FC-4981-93AC-212EC65F9509}"
EndProject
Global
	GlobalSection(SolutionConfigurationPlatforms) = preSolution
		Debug|Any CPU = Debug|Any CPU
		Release|Any CPU = Release|Any CPU
	EndGlobalSection
	GlobalSection(ProjectConfigurationPlatforms) = postSolution
		{517534B4-28E6-4AE9-8FDD-BD6355AAA74C}.Debug|Any CPU.ActiveCfg = Debug|Any CPU
		{517534B4-28E6-4AE9-8FDD-BD6355AAA74C}.Debug|Any CPU.Build.0 = Debug|Any CPU
		{517534B4-28E6-4AE9-8FDD-BD6355AAA74C}.Release|Any CPU.ActiveCfg = Release|Any CPU
		{517534B4-28E6-4AE9-8FDD-BD6355AAA74C}.Release|Any CPU.Build.0 = Release|Any CPU
		{FA47FF8D-FD44-4B21-A832-4A9001D96E78}.Debug|Any CPU.ActiveCfg = Debug|Any CPU
		{FA47FF8D-FD44-4B21-A832-4A9001D96E78}.Debug|Any CPU.Build.0 = Debug|Any CPU
		{FA47FF8D-FD44-4B21-A832-4A9001D96E78}.Release|Any CPU.ActiveCfg = Release|Any CPU
		{FA47FF8D-FD44-4B21-A832-4A9001D96E78}.Release|Any CPU.Build.0 = Release|Any CPU
		{CC5056AE-C1FC-4981-93AC-212EC65F9509}.Debug|Any CPU.ActiveCfg = Debug|Any CPU
		{CC5056AE-C1FC-4981-93AC-212EC65F9509}.Debug|Any CPU.Build.0 = Debug|Any CPU
		{CC5056AE-C1FC-4981-93AC-212EC65F9509}.Release|Any CPU.ActiveCfg = Release|Any CPU
		{CC5056AE-C1FC-4981-93AC-212EC65F9509}.Release|Any CPU.Build.0 = Release|Any CPU
	EndGlobalSection
	GlobalSection(SolutionProperties) = preSolution
		HideSolutionNode = FALSE
	EndGlobalSection
EndGlobal
